
Microsoft Visual Studio Solution File, Format Version 12.00
# Visual Studio Version 17
VisualStudioVersion = 17.0.32014.148
MinimumVisualStudioVersion = 10.0.40219.1
Project("{FAE04EC0-301F-11D3-BF4B-00C04F79EFBC}") = "WebServices", "WebServices\WebServices.csproj", "{BA1B5D4D-92CA-4A02-B263-7CDEEC04B9AF}"
EndProject
Global
	GlobalSection(SolutionConfigurationPlatforms) = preSolution
		Debug|Any CPU = Debug|Any CPU
		Release|Any CPU = Release|Any CPU
	EndGlobalSection
	GlobalSection(ProjectConfigurationPlatforms) = postSolution
		{BA1B5D4D-92CA-4A02-B263-7CDEEC04B9AF}.Debug|Any CPU.ActiveCfg = Debug|Any CPU
		{BA1B5D4D-92CA-4A02-B263-7CDEEC04B9AF}.Debug|Any CPU.Build.0 = Debug|Any CPU
		{BA1B5D4D-92CA-4A02-B263-7CDEEC04B9AF}.Release|Any CPU.ActiveCfg = Release|Any CPU
		{BA1B5D4D-92CA-4A02-B263-7CDEEC04B9AF}.Release|Any CPU.Build.0 = Release|Any CPU
	EndGlobalSection
	GlobalSection(SolutionProperties) = preSolution
		HideSolutionNode = FALSE
	EndGlobalSection
	GlobalSection(ExtensibilityGlobals) = postSolution
		SolutionGuid = {50C26408-17C5-4A9B-9360-B0B6FB9F59CA}
	EndGlobalSection
EndGlobal
